{
  "name": "@jeefo/javascript_parser",
  "version": "0.0.0",
  "lockfileVersion": 1,
  "requires": true,
  "dependencies": {
    "@jeefo/command": {
      "version": "0.0.1",
      "resolved": "https://registry.npmjs.org/@jeefo/command/-/command-0.0.1.tgz",
      "integrity": "sha512-OCJnEYT0we9TNpvP75IdZhrHWa9y9oXPE7qwbXY4roXFsn6Ce1fs7qJXqoPKP/SuRxvR/cn6pn3JsK9oRoD/1g=="
    },
    "@jeefo/parser": {
      "version": "0.0.21",
      "resolved": "https://registry.npmjs.org/@jeefo/parser/-/parser-0.0.21.tgz",
      "integrity": "sha512-7M8e817s+wdrdxhia6WAebRGDQ+Py9oQNHKEL54sUHpO+h16+Gw07500UbTfEYFdeCwJ9FP89J7ZIkagb/qaXw==",
      "requires": {
        "@jeefo/command": "0.0.1",
        "@jeefo/tokenizer": "0.0.3"
      }
    },
    "@jeefo/tokenizer": {
      "version": "0.0.3",
      "resolved": "https://registry.npmjs.org/@jeefo/tokenizer/-/tokenizer-0.0.3.tgz",
      "integrity": "sha512-7rmMrzRKjmDo1zUW6Asa5A9vU91HiDwu4kMXIePsuuoAWzmAMLkE/JNTfLOeVW3sy9AoeE+WQN55woFnE2Y1BA==",
      "requires": {
        "@jeefo/utils": "0.0.2"
      }
    },
    "@jeefo/utils": {
      "version": "0.0.2",
      "resolved": "https://registry.npmjs.org/@jeefo/utils/-/utils-0.0.2.tgz",
      "integrity": "sha512-NA64uJZES4bjPjXslS6eLHsDyLq+5gtW7N4LBAMRgi41pnkd+sRInIivF/mWFEVI1YgxJ9G4FV9mcyL5vhfMYg=="
    }
  }
}
